
Microsoft Visual Studio Solution File, Format Version 12.00
# Visual Studio Version 17
VisualStudioVersion = 17.8.34525.116
MinimumVisualStudioVersion = 10.0.40219.1
Project("{9A19103F-16F7-4668-BE54-9A1E7A4F7556}") = "DDDWebAPI", "DDDWebAPI\DDDWebAPI.csproj", "{4232754F-BB6C-4BF3-8C9D-35F2426CC458}"
EndProject
Project("{2150E333-8FDC-42A3-9474-1A3956D46DE8}") = "Presentation", "Presentation", "{E1385968-49CB-4FB8-B397-2B7D6BC240F6}"
EndProject
Project("{2150E333-8FDC-42A3-9474-1A3956D46DE8}") = "Application", "Application", "{89A79C7C-B9C0-47EB-B081-5D17ACD7DEAD}"
EndProject
Project("{2150E333-8FDC-42A3-9474-1A3956D46DE8}") = "Domain", "Domain", "{81B6B2B2-7F18-4023-AA59-6E1109D7AB6C}"
EndProject
Project("{2150E333-8FDC-42A3-9474-1A3956D46DE8}") = "Infrastructure", "Infrastructure", "{189E8848-47E4-49DE-A343-FBE720171AF2}"
EndProject
Project("{9A19103F-16F7-4668-BE54-9A1E7A4F7556}") = "DDDWebAPI.Domain", "..\Domain\DDDWebAPI.Domain\DDDWebAPI.Domain.csproj", "{D2613AEA-CB7F-4A5A-8094-39E32CEB5246}"
EndProject
Project("{9A19103F-16F7-4668-BE54-9A1E7A4F7556}") = "DDDWebAPI.Domain.Core", "..\Domain\DDDWebAPI.Domain.Core\DDDWebAPI.Domain.Core.csproj", "{742E6679-221F-44A8-AFEB-D508432FF917}"
EndProject
Project("{9A19103F-16F7-4668-BE54-9A1E7A4F7556}") = "DDDWebAPI.Domain.Services", "..\Domain\DDDWebAPI.Domain.Services\DDDWebAPI.Domain.Services.csproj", "{AAAE94A7-2B7A-4585-8D52-C79D16C593F9}"
EndProject
Project("{9A19103F-16F7-4668-BE54-9A1E7A4F7556}") = "DDDWebAPI.Application", "..\Application\DDDWebAPI.Application\DDDWebAPI.Application.csproj", "{04FD4DD5-C0D4-4BFB-B908-890A8946C7DA}"
EndProject
Project("{9A19103F-16F7-4668-BE54-9A1E7A4F7556}") = "DDDWebAPI.Application.DTO", "..\Application\DDDWebAPI.Application.DTO\DDDWebAPI.Application.DTO.csproj", "{FE37658E-2E0D-4E82-BAF5-41DB4F1710B3}"
EndProject
Project("{9A19103F-16F7-4668-BE54-9A1E7A4F7556}") = "DDDWebAPI.Infrastructure.Data", "..\Infrastructure\DDDWebAPI.Infrastructure.Data\DDDWebAPI.Infrastructure.Data.csproj", "{0A0802C2-7F6B-40A9-BD5C-3AB986A92E99}"
EndProject
Project("{9A19103F-16F7-4668-BE54-9A1E7A4F7556}") = "DDDWebAPI.Infrastruture.Repository", "..\Infrastruture\DDDWebAPI.Infrastruture.Repository\DDDWebAPI.Infrastruture.Repository.csproj", "{144EE9CD-5F30-49F7-8743-A5F11D56CD53}"
EndProject
Project("{2150E333-8FDC-42A3-9474-1A3956D46DE8}") = "CrossCutting", "CrossCutting", "{FE19B860-3E14-4656-9EBB-ECE1FA1298D7}"
EndProject
Project("{FAE04EC0-301F-11D3-BF4B-00C04F79EFBC}") = "DDDWebAPI.Infrastruture.CrossCutting.Adapter", "..\CrossCutting\DDDWebAPI.Infrastruture.CrossCutting.Adapter\DDDWebAPI.Infrastruture.CrossCutting.Adapter.csproj", "{7006CAE7-65B7-4D4E-B7DE-38B2248FBC33}"
EndProject
Project("{FAE04EC0-301F-11D3-BF4B-00C04F79EFBC}") = "DDDWebAPI.Infrastruture.CrossCutting.IOC", "..\CrossCutting\DDDWebAPI.Infrastruture.CrossCutting.IOC\DDDWebAPI.Infrastruture.CrossCutting.IOC.csproj", "{E0574FEA-ACE7-4089-9A04-93B77EBAE651}"
EndProject
Global
	GlobalSection(SolutionConfigurationPlatforms) = preSolution
		Debug|Any CPU = Debug|Any CPU
		Release|Any CPU = Release|Any CPU
	EndGlobalSection
	GlobalSection(ProjectConfigurationPlatforms) = postSolution
		{4232754F-BB6C-4BF3-8C9D-35F2426CC458}.Debug|Any CPU.ActiveCfg = Debug|Any CPU
		{4232754F-BB6C-4BF3-8C9D-35F2426CC458}.Debug|Any CPU.Build.0 = Debug|Any CPU
		{4232754F-BB6C-4BF3-8C9D-35F2426CC458}.Release|Any CPU.ActiveCfg = Release|Any CPU
		{4232754F-BB6C-4BF3-8C9D-35F2426CC458}.Release|Any CPU.Build.0 = Release|Any CPU
		{D2613AEA-CB7F-4A5A-8094-39E32CEB5246}.Debug|Any CPU.ActiveCfg = Debug|Any CPU
		{D2613AEA-CB7F-4A5A-8094-39E32CEB5246}.Debug|Any CPU.Build.0 = Debug|Any CPU
		{D2613AEA-CB7F-4A5A-8094-39E32CEB5246}.Release|Any CPU.ActiveCfg = Release|Any CPU
		{D2613AEA-CB7F-4A5A-8094-39E32CEB5246}.Release|Any CPU.Build.0 = Release|Any CPU
		{742E6679-221F-44A8-AFEB-D508432FF917}.Debug|Any CPU.ActiveCfg = Debug|Any CPU
		{742E6679-221F-44A8-AFEB-D508432FF917}.Debug|Any CPU.Build.0 = Debug|Any CPU
		{742E6679-221F-44A8-AFEB-D508432FF917}.Release|Any CPU.ActiveCfg = Release|Any CPU
		{742E6679-221F-44A8-AFEB-D508432FF917}.Release|Any CPU.Build.0 = Release|Any CPU
		{AAAE94A7-2B7A-4585-8D52-C79D16C593F9}.Debug|Any CPU.ActiveCfg = Debug|Any CPU
		{AAAE94A7-2B7A-4585-8D52-C79D16C593F9}.Debug|Any CPU.Build.0 = Debug|Any CPU
		{AAAE94A7-2B7A-4585-8D52-C79D16C593F9}.Release|Any CPU.ActiveCfg = Release|Any CPU
		{AAAE94A7-2B7A-4585-8D52-C79D16C593F9}.Release|Any CPU.Build.0 = Release|Any CPU
		{04FD4DD5-C0D4-4BFB-B908-890A8946C7DA}.Debug|Any CPU.ActiveCfg = Debug|Any CPU
		{04FD4DD5-C0D4-4BFB-B908-890A8946C7DA}.Debug|Any CPU.Build.0 = Debug|Any CPU
		{04FD4DD5-C0D4-4BFB-B908-890A8946C7DA}.Release|Any CPU.ActiveCfg = Release|Any CPU
		{04FD4DD5-C0D4-4BFB-B908-890A8946C7DA}.Release|Any CPU.Build.0 = Release|Any CPU
		{FE37658E-2E0D-4E82-BAF5-41DB4F1710B3}.Debug|Any CPU.ActiveCfg = Debug|Any CPU
		{FE37658E-2E0D-4E82-BAF5-41DB4F1710B3}.Debug|Any CPU.Build.0 = Debug|Any CPU
		{FE37658E-2E0D-4E82-BAF5-41DB4F1710B3}.Release|Any CPU.ActiveCfg = Release|Any CPU
		{FE37658E-2E0D-4E82-BAF5-41DB4F1710B3}.Release|Any CPU.Build.0 = Release|Any CPU
		{0A0802C2-7F6B-40A9-BD5C-3AB986A92E99}.Debug|Any CPU.ActiveCfg = Debug|Any CPU
		{0A0802C2-7F6B-40A9-BD5C-3AB986A92E99}.Debug|Any CPU.Build.0 = Debug|Any CPU
		{0A0802C2-7F6B-40A9-BD5C-3AB986A92E99}.Release|Any CPU.ActiveCfg = Release|Any CPU
		{0A0802C2-7F6B-40A9-BD5C-3AB986A92E99}.Release|Any CPU.Build.0 = Release|Any CPU
		{144EE9CD-5F30-49F7-8743-A5F11D56CD53}.Debug|Any CPU.ActiveCfg = Debug|Any CPU
		{144EE9CD-5F30-49F7-8743-A5F11D56CD53}.Debug|Any CPU.Build.0 = Debug|Any CPU
		{144EE9CD-5F30-49F7-8743-A5F11D56CD53}.Release|Any CPU.ActiveCfg = Release|Any CPU
		{144EE9CD-5F30-49F7-8743-A5F11D56CD53}.Release|Any CPU.Build.0 = Release|Any CPU
		{7006CAE7-65B7-4D4E-B7DE-38B2248FBC33}.Debug|Any CPU.ActiveCfg = Debug|Any CPU
		{7006CAE7-65B7-4D4E-B7DE-38B2248FBC33}.Debug|Any CPU.Build.0 = Debug|Any CPU
		{7006CAE7-65B7-4D4E-B7DE-38B2248FBC33}.Release|Any CPU.ActiveCfg = Release|Any CPU
		{7006CAE7-65B7-4D4E-B7DE-38B2248FBC33}.Release|Any CPU.Build.0 = Release|Any CPU
		{E0574FEA-ACE7-4089-9A04-93B77EBAE651}.Debug|Any CPU.ActiveCfg = Debug|Any CPU
		{E0574FEA-ACE7-4089-9A04-93B77EBAE651}.Debug|Any CPU.Build.0 = Debug|Any CPU
		{E0574FEA-ACE7-4089-9A04-93B77EBAE651}.Release|Any CPU.ActiveCfg = Release|Any CPU
		{E0574FEA-ACE7-4089-9A04-93B77EBAE651}.Release|Any CPU.Build.0 = Release|Any CPU
	EndGlobalSection
	GlobalSection(SolutionProperties) = preSolution
		HideSolutionNode = FALSE
	EndGlobalSection
	GlobalSection(NestedProjects) = preSolution
		{4232754F-BB6C-4BF3-8C9D-35F2426CC458} = {E1385968-49CB-4FB8-B397-2B7D6BC240F6}
		{D2613AEA-CB7F-4A5A-8094-39E32CEB5246} = {81B6B2B2-7F18-4023-AA59-6E1109D7AB6C}
		{742E6679-221F-44A8-AFEB-D508432FF917} = {81B6B2B2-7F18-4023-AA59-6E1109D7AB6C}
		{AAAE94A7-2B7A-4585-8D52-C79D16C593F9} = {81B6B2B2-7F18-4023-AA59-6E1109D7AB6C}
		{04FD4DD5-C0D4-4BFB-B908-890A8946C7DA} = {89A79C7C-B9C0-47EB-B081-5D17ACD7DEAD}
		{FE37658E-2E0D-4E82-BAF5-41DB4F1710B3} = {89A79C7C-B9C0-47EB-B081-5D17ACD7DEAD}
		{0A0802C2-7F6B-40A9-BD5C-3AB986A92E99} = {189E8848-47E4-49DE-A343-FBE720171AF2}
		{144EE9CD-5F30-49F7-8743-A5F11D56CD53} = {189E8848-47E4-49DE-A343-FBE720171AF2}
		{7006CAE7-65B7-4D4E-B7DE-38B2248FBC33} = {FE19B860-3E14-4656-9EBB-ECE1FA1298D7}
		{E0574FEA-ACE7-4089-9A04-93B77EBAE651} = {FE19B860-3E14-4656-9EBB-ECE1FA1298D7}
	EndGlobalSection
	GlobalSection(ExtensibilityGlobals) = postSolution
		SolutionGuid = {DB16C833-2734-4C0E-B08B-7B8A27F4E2B7}
	EndGlobalSection
EndGlobal
